
Microsoft Visual Studio Solution File, Format Version 12.00
# Visual Studio 15
VisualStudioVersion = 15.0.26124.0
MinimumVisualStudioVersion = 15.0.26124.0
Project("{FAE04EC0-301F-11D3-BF4B-00C04F79EFBC}") = "Domain", "Domain\Domain.csproj", "{8D406F56-F7FC-43F9-9D38-C105E4DCABA6}"
EndProject
Project("{FAE04EC0-301F-11D3-BF4B-00C04F79EFBC}") = "Api", "Api\Api.csproj", "{B849AF4C-1760-45B4-818C-9DB7D6619E23}"
EndProject
Project("{FAE04EC0-301F-11D3-BF4B-00C04F79EFBC}") = "DataAccess", "DataAccess\DataAccess.csproj", "{1A240FCA-9304-4D4A-ADA0-C16BE3F64B35}"
EndProject
Project("{FAE04EC0-301F-11D3-BF4B-00C04F79EFBC}") = "Integration", "Integration\Integration.csproj", "{618A5305-C5C7-45F9-A818-C96F6E096470}"
EndProject
Project("{FAE04EC0-301F-11D3-BF4B-00C04F79EFBC}") = "Domain.Tests", "Domain.Tests\Domain.Tests.csproj", "{84F3A5C4-1046-4E6F-8DB7-47A9483068ED}"
EndProject
Project("{FAE04EC0-301F-11D3-BF4B-00C04F79EFBC}") = "Api.Tests", "Api.Tests\Api.Tests.csproj", "{5E701C93-7C53-40EA-9C33-533DE03FAD61}"
EndProject
Project("{FAE04EC0-301F-11D3-BF4B-00C04F79EFBC}") = "DataAccess.Tests", "DataAccess.Tests\DataAccess.Tests.csproj", "{C9AE5EB8-B6A3-4182-B17A-8C4D4BB2C05E}"
EndProject
Project("{FAE04EC0-301F-11D3-BF4B-00C04F79EFBC}") = "Integration.Tests", "Integration.Tests\Integration.Tests.csproj", "{30A0522F-B2CC-45E8-9C91-FE814FE18622}"
EndProject
Project("{FAE04EC0-301F-11D3-BF4B-00C04F79EFBC}") = "SuperSaiyanSearchApi", "SuperSaiyanSearchApi\SuperSaiyanSearchApi.csproj", "{40843163-0285-4E72-A541-F4A89476A4C6}"
EndProject
Global
	GlobalSection(SolutionConfigurationPlatforms) = preSolution
		Debug|Any CPU = Debug|Any CPU
		Debug|x64 = Debug|x64
		Debug|x86 = Debug|x86
		Release|Any CPU = Release|Any CPU
		Release|x64 = Release|x64
		Release|x86 = Release|x86
	EndGlobalSection
	GlobalSection(SolutionProperties) = preSolution
		HideSolutionNode = FALSE
	EndGlobalSection
	GlobalSection(ProjectConfigurationPlatforms) = postSolution
		{8D406F56-F7FC-43F9-9D38-C105E4DCABA6}.Debug|Any CPU.ActiveCfg = Debug|Any CPU
		{8D406F56-F7FC-43F9-9D38-C105E4DCABA6}.Debug|Any CPU.Build.0 = Debug|Any CPU
		{8D406F56-F7FC-43F9-9D38-C105E4DCABA6}.Debug|x64.ActiveCfg = Debug|Any CPU
		{8D406F56-F7FC-43F9-9D38-C105E4DCABA6}.Debug|x64.Build.0 = Debug|Any CPU
		{8D406F56-F7FC-43F9-9D38-C105E4DCABA6}.Debug|x86.ActiveCfg = Debug|Any CPU
		{8D406F56-F7FC-43F9-9D38-C105E4DCABA6}.Debug|x86.Build.0 = Debug|Any CPU
		{8D406F56-F7FC-43F9-9D38-C105E4DCABA6}.Release|Any CPU.ActiveCfg = Release|Any CPU
		{8D406F56-F7FC-43F9-9D38-C105E4DCABA6}.Release|Any CPU.Build.0 = Release|Any CPU
		{8D406F56-F7FC-43F9-9D38-C105E4DCABA6}.Release|x64.ActiveCfg = Release|Any CPU
		{8D406F56-F7FC-43F9-9D38-C105E4DCABA6}.Release|x64.Build.0 = Release|Any CPU
		{8D406F56-F7FC-43F9-9D38-C105E4DCABA6}.Release|x86.ActiveCfg = Release|Any CPU
		{8D406F56-F7FC-43F9-9D38-C105E4DCABA6}.Release|x86.Build.0 = Release|Any CPU
		{B849AF4C-1760-45B4-818C-9DB7D6619E23}.Debug|Any CPU.ActiveCfg = Debug|Any CPU
		{B849AF4C-1760-45B4-818C-9DB7D6619E23}.Debug|Any CPU.Build.0 = Debug|Any CPU
		{B849AF4C-1760-45B4-818C-9DB7D6619E23}.Debug|x64.ActiveCfg = Debug|Any CPU
		{B849AF4C-1760-45B4-818C-9DB7D6619E23}.Debug|x64.Build.0 = Debug|Any CPU
		{B849AF4C-1760-45B4-818C-9DB7D6619E23}.Debug|x86.ActiveCfg = Debug|Any CPU
		{B849AF4C-1760-45B4-818C-9DB7D6619E23}.Debug|x86.Build.0 = Debug|Any CPU
		{B849AF4C-1760-45B4-818C-9DB7D6619E23}.Release|Any CPU.ActiveCfg = Release|Any CPU
		{B849AF4C-1760-45B4-818C-9DB7D6619E23}.Release|Any CPU.Build.0 = Release|Any CPU
		{B849AF4C-1760-45B4-818C-9DB7D6619E23}.Release|x64.ActiveCfg = Release|Any CPU
		{B849AF4C-1760-45B4-818C-9DB7D6619E23}.Release|x64.Build.0 = Release|Any CPU
		{B849AF4C-1760-45B4-818C-9DB7D6619E23}.Release|x86.ActiveCfg = Release|Any CPU
		{B849AF4C-1760-45B4-818C-9DB7D6619E23}.Release|x86.Build.0 = Release|Any CPU
		{1A240FCA-9304-4D4A-ADA0-C16BE3F64B35}.Debug|Any CPU.ActiveCfg = Debug|Any CPU
		{1A240FCA-9304-4D4A-ADA0-C16BE3F64B35}.Debug|Any CPU.Build.0 = Debug|Any CPU
		{1A240FCA-9304-4D4A-ADA0-C16BE3F64B35}.Debug|x64.ActiveCfg = Debug|Any CPU
		{1A240FCA-9304-4D4A-ADA0-C16BE3F64B35}.Debug|x64.Build.0 = Debug|Any CPU
		{1A240FCA-9304-4D4A-ADA0-C16BE3F64B35}.Debug|x86.ActiveCfg = Debug|Any CPU
		{1A240FCA-9304-4D4A-ADA0-C16BE3F64B35}.Debug|x86.Build.0 = Debug|Any CPU
		{1A240FCA-9304-4D4A-ADA0-C16BE3F64B35}.Release|Any CPU.ActiveCfg = Release|Any CPU
		{1A240FCA-9304-4D4A-ADA0-C16BE3F64B35}.Release|Any CPU.Build.0 = Release|Any CPU
		{1A240FCA-9304-4D4A-ADA0-C16BE3F64B35}.Release|x64.ActiveCfg = Release|Any CPU
		{1A240FCA-9304-4D4A-ADA0-C16BE3F64B35}.Release|x64.Build.0 = Release|Any CPU
		{1A240FCA-9304-4D4A-ADA0-C16BE3F64B35}.Release|x86.ActiveCfg = Release|Any CPU
		{1A240FCA-9304-4D4A-ADA0-C16BE3F64B35}.Release|x86.Build.0 = Release|Any CPU
		{618A5305-C5C7-45F9-A818-C96F6E096470}.Debug|Any CPU.ActiveCfg = Debug|Any CPU
		{618A5305-C5C7-45F9-A818-C96F6E096470}.Debug|Any CPU.Build.0 = Debug|Any CPU
		{618A5305-C5C7-45F9-A818-C96F6E096470}.Debug|x64.ActiveCfg = Debug|Any CPU
		{618A5305-C5C7-45F9-A818-C96F6E096470}.Debug|x64.Build.0 = Debug|Any CPU
		{618A5305-C5C7-45F9-A818-C96F6E096470}.Debug|x86.ActiveCfg = Debug|Any CPU
		{618A5305-C5C7-45F9-A818-C96F6E096470}.Debug|x86.Build.0 = Debug|Any CPU
		{618A5305-C5C7-45F9-A818-C96F6E096470}.Release|Any CPU.ActiveCfg = Release|Any CPU
		{618A5305-C5C7-45F9-A818-C96F6E096470}.Release|Any CPU.Build.0 = Release|Any CPU
		{618A5305-C5C7-45F9-A818-C96F6E096470}.Release|x64.ActiveCfg = Release|Any CPU
		{618A5305-C5C7-45F9-A818-C96F6E096470}.Release|x64.Build.0 = Release|Any CPU
		{618A5305-C5C7-45F9-A818-C96F6E096470}.Release|x86.ActiveCfg = Release|Any CPU
		{618A5305-C5C7-45F9-A818-C96F6E096470}.Release|x86.Build.0 = Release|Any CPU
		{84F3A5C4-1046-4E6F-8DB7-47A9483068ED}.Debug|Any CPU.ActiveCfg = Debug|Any CPU
		{84F3A5C4-1046-4E6F-8DB7-47A9483068ED}.Debug|Any CPU.Build.0 = Debug|Any CPU
		{84F3A5C4-1046-4E6F-8DB7-47A9483068ED}.Debug|x64.ActiveCfg = Debug|Any CPU
		{84F3A5C4-1046-4E6F-8DB7-47A9483068ED}.Debug|x64.Build.0 = Debug|Any CPU
		{84F3A5C4-1046-4E6F-8DB7-47A9483068ED}.Debug|x86.ActiveCfg = Debug|Any CPU
		{84F3A5C4-1046-4E6F-8DB7-47A9483068ED}.Debug|x86.Build.0 = Debug|Any CPU
		{84F3A5C4-1046-4E6F-8DB7-47A9483068ED}.Release|Any CPU.ActiveCfg = Release|Any CPU
		{84F3A5C4-1046-4E6F-8DB7-47A9483068ED}.Release|Any CPU.Build.0 = Release|Any CPU
		{84F3A5C4-1046-4E6F-8DB7-47A9483068ED}.Release|x64.ActiveCfg = Release|Any CPU
		{84F3A5C4-1046-4E6F-8DB7-47A9483068ED}.Release|x64.Build.0 = Release|Any CPU
		{84F3A5C4-1046-4E6F-8DB7-47A9483068ED}.Release|x86.ActiveCfg = Release|Any CPU
		{84F3A5C4-1046-4E6F-8DB7-47A9483068ED}.Release|x86.Build.0 = Release|Any CPU
		{5E701C93-7C53-40EA-9C33-533DE03FAD61}.Debug|Any CPU.ActiveCfg = Debug|Any CPU
		{5E701C93-7C53-40EA-9C33-533DE03FAD61}.Debug|Any CPU.Build.0 = Debug|Any CPU
		{5E701C93-7C53-40EA-9C33-533DE03FAD61}.Debug|x64.ActiveCfg = Debug|Any CPU
		{5E701C93-7C53-40EA-9C33-533DE03FAD61}.Debug|x64.Build.0 = Debug|Any CPU
		{5E701C93-7C53-40EA-9C33-533DE03FAD61}.Debug|x86.ActiveCfg = Debug|Any CPU
		{5E701C93-7C53-40EA-9C33-533DE03FAD61}.Debug|x86.Build.0 = Debug|Any CPU
		{5E701C93-7C53-40EA-9C33-533DE03FAD61}.Release|Any CPU.ActiveCfg = Release|Any CPU
		{5E701C93-7C53-40EA-9C33-533DE03FAD61}.Release|Any CPU.Build.0 = Release|Any CPU
		{5E701C93-7C53-40EA-9C33-533DE03FAD61}.Release|x64.ActiveCfg = Release|Any CPU
		{5E701C93-7C53-40EA-9C33-533DE03FAD61}.Release|x64.Build.0 = Release|Any CPU
		{5E701C93-7C53-40EA-9C33-533DE03FAD61}.Release|x86.ActiveCfg = Release|Any CPU
		{5E701C93-7C53-40EA-9C33-533DE03FAD61}.Release|x86.Build.0 = Release|Any CPU
		{C9AE5EB8-B6A3-4182-B17A-8C4D4BB2C05E}.Debug|Any CPU.ActiveCfg = Debug|Any CPU
		{C9AE5EB8-B6A3-4182-B17A-8C4D4BB2C05E}.Debug|Any CPU.Build.0 = Debug|Any CPU
		{C9AE5EB8-B6A3-4182-B17A-8C4D4BB2C05E}.Debug|x64.ActiveCfg = Debug|Any CPU
		{C9AE5EB8-B6A3-4182-B17A-8C4D4BB2C05E}.Debug|x64.Build.0 = Debug|Any CPU
		{C9AE5EB8-B6A3-4182-B17A-8C4D4BB2C05E}.Debug|x86.ActiveCfg = Debug|Any CPU
		{C9AE5EB8-B6A3-4182-B17A-8C4D4BB2C05E}.Debug|x86.Build.0 = Debug|Any CPU
		{C9AE5EB8-B6A3-4182-B17A-8C4D4BB2C05E}.Release|Any CPU.ActiveCfg = Release|Any CPU
		{C9AE5EB8-B6A3-4182-B17A-8C4D4BB2C05E}.Release|Any CPU.Build.0 = Release|Any CPU
		{C9AE5EB8-B6A3-4182-B17A-8C4D4BB2C05E}.Release|x64.ActiveCfg = Release|Any CPU
		{C9AE5EB8-B6A3-4182-B17A-8C4D4BB2C05E}.Release|x64.Build.0 = Release|Any CPU
		{C9AE5EB8-B6A3-4182-B17A-8C4D4BB2C05E}.Release|x86.ActiveCfg = Release|Any CPU
		{C9AE5EB8-B6A3-4182-B17A-8C4D4BB2C05E}.Release|x86.Build.0 = Release|Any CPU
		{30A0522F-B2CC-45E8-9C91-FE814FE18622}.Debug|Any CPU.ActiveCfg = Debug|Any CPU
		{30A0522F-B2CC-45E8-9C91-FE814FE18622}.Debug|Any CPU.Build.0 = Debug|Any CPU
		{30A0522F-B2CC-45E8-9C91-FE814FE18622}.Debug|x64.ActiveCfg = Debug|Any CPU
		{30A0522F-B2CC-45E8-9C91-FE814FE18622}.Debug|x64.Build.0 = Debug|Any CPU
		{30A0522F-B2CC-45E8-9C91-FE814FE18622}.Debug|x86.ActiveCfg = Debug|Any CPU
		{30A0522F-B2CC-45E8-9C91-FE814FE18622}.Debug|x86.Build.0 = Debug|Any CPU
		{30A0522F-B2CC-45E8-9C91-FE814FE18622}.Release|Any CPU.ActiveCfg = Release|Any CPU
		{30A0522F-B2CC-45E8-9C91-FE814FE18622}.Release|Any CPU.Build.0 = Release|Any CPU
		{30A0522F-B2CC-45E8-9C91-FE814FE18622}.Release|x64.ActiveCfg = Release|Any CPU
		{30A0522F-B2CC-45E8-9C91-FE814FE18622}.Release|x64.Build.0 = Release|Any CPU
		{30A0522F-B2CC-45E8-9C91-FE814FE18622}.Release|x86.ActiveCfg = Release|Any CPU
		{30A0522F-B2CC-45E8-9C91-FE814FE18622}.Release|x86.Build.0 = Release|Any CPU
		{40843163-0285-4E72-A541-F4A89476A4C6}.Debug|Any CPU.ActiveCfg = Debug|Any CPU
		{40843163-0285-4E72-A541-F4A89476A4C6}.Debug|Any CPU.Build.0 = Debug|Any CPU
		{40843163-0285-4E72-A541-F4A89476A4C6}.Debug|x64.ActiveCfg = Debug|Any CPU
		{40843163-0285-4E72-A541-F4A89476A4C6}.Debug|x64.Build.0 = Debug|Any CPU
		{40843163-0285-4E72-A541-F4A89476A4C6}.Debug|x86.ActiveCfg = Debug|Any CPU
		{40843163-0285-4E72-A541-F4A89476A4C6}.Debug|x86.Build.0 = Debug|Any CPU
		{40843163-0285-4E72-A541-F4A89476A4C6}.Release|Any CPU.ActiveCfg = Release|Any CPU
		{40843163-0285-4E72-A541-F4A89476A4C6}.Release|Any CPU.Build.0 = Release|Any CPU
		{40843163-0285-4E72-A541-F4A89476A4C6}.Release|x64.ActiveCfg = Release|Any CPU
		{40843163-0285-4E72-A541-F4A89476A4C6}.Release|x64.Build.0 = Release|Any CPU
		{40843163-0285-4E72-A541-F4A89476A4C6}.Release|x86.ActiveCfg = Release|Any CPU
		{40843163-0285-4E72-A541-F4A89476A4C6}.Release|x86.Build.0 = Release|Any CPU
	EndGlobalSection
EndGlobal
